// !$*UTF8*$!
{
	archiveVersion = 1;
	classes = {
	};
	objectVersion = 50;
	objects = {

/* Begin PBXBuildFile section */
		1031516A25D02D6500194A6D /* AppDelegate.swift in Sources */ = {isa = PBXBuildFile; fileRef = 1031516925D02D6500194A6D /* AppDelegate.swift */; };
		1031516C25D02D6500194A6D /* SceneDelegate.swift in Sources */ = {isa = PBXBuildFile; fileRef = 1031516B25D02D6500194A6D /* SceneDelegate.swift */; };
		1031517125D02D6500194A6D /* Main.storyboard in Resources */ = {isa = PBXBuildFile; fileRef = 1031516F25D02D6500194A6D /* Main.storyboard */; };
		1031517425D02D6500194A6D /* MapkitApp.xcdatamodeld in Sources */ = {isa = PBXBuildFile; fileRef = 1031517225D02D6500194A6D /* MapkitApp.xcdatamodeld */; };
		1031517625D02D6600194A6D /* Assets.xcassets in Resources */ = {isa = PBXBuildFile; fileRef = 1031517525D02D6600194A6D /* Assets.xcassets */; };
		1031517925D02D6600194A6D /* LaunchScreen.storyboard in Resources */ = {isa = PBXBuildFile; fileRef = 1031517725D02D6600194A6D /* LaunchScreen.storyboard */; };
		1031518625D082F700194A6D /* MapVC.swift in Sources */ = {isa = PBXBuildFile; fileRef = 1031518525D082F700194A6D /* MapVC.swift */; };
		1031519525D099A800194A6D /* MainTableTVC.swift in Sources */ = {isa = PBXBuildFile; fileRef = 1031519425D099A800194A6D /* MainTableTVC.swift */; };
		103151AE25D0B1FC00194A6D /* SaveLoadData.swift in Sources */ = {isa = PBXBuildFile; fileRef = 103151AD25D0B1FC00194A6D /* SaveLoadData.swift */; };
/* End PBXBuildFile section */

/* Begin PBXFileReference section */
		1031516625D02D6500194A6D /* MapkitApp.app */ = {isa = PBXFileReference; explicitFileType = wrapper.application; includeInIndex = 0; path = MapkitApp.app; sourceTree = BUILT_PRODUCTS_DIR; };
		1031516925D02D6500194A6D /* AppDelegate.swift */ = {isa = PBXFileReference; lastKnownFileType = sourcecode.swift; path = AppDelegate.swift; sourceTree = "<group>"; };
		1031516B25D02D6500194A6D /* SceneDelegate.swift */ = {isa = PBXFileReference; lastKnownFileType = sourcecode.swift; path = SceneDelegate.swift; sourceTree = "<group>"; };
		1031517025D02D6500194A6D /* Base */ = {isa = PBXFileReference; lastKnownFileType = file.storyboard; name = Base; path = Base.lproj/Main.storyboard; sourceTree = "<group>"; };
		1031517325D02D6500194A6D /* MapkitApp.xcdatamodel */ = {isa = PBXFileReference; lastKnownFileType = wrapper.xcdatamodel; path = MapkitApp.xcdatamodel; sourceTree = "<group>"; };
		1031517525D02D6600194A6D /* Assets.xcassets */ = {isa = PBXFileReference; lastKnownFileType = folder.assetcatalog; path = Assets.xcassets; sourceTree = "<group>"; };
		1031517825D02D6600194A6D /* Base */ = {isa = PBXFileReference; lastKnownFileType = file.storyboard; name = Base; path = Base.lproj/LaunchScreen.storyboard; sourceTree = "<group>"; };
		1031517A25D02D6600194A6D /* Info.plist */ = {isa = PBXFileReference; lastKnownFileType = text.plist.xml; path = Info.plist; sourceTree = "<group>"; };
		1031518525D082F700194A6D /* MapVC.swift */ = {isa = PBXFileReference; lastKnownFileType = sourcecode.swift; path = MapVC.swift; sourceTree = "<group>"; };
		1031519425D099A800194A6D /* MainTableTVC.swift */ = {isa = PBXFileReference; lastKnownFileType = sourcecode.swift; path = MainTableTVC.swift; sourceTree = "<group>"; };
		103151AD25D0B1FC00194A6D /* SaveLoadData.swift */ = {isa = PBXFileReference; lastKnownFileType = sourcecode.swift; path = SaveLoadData.swift; sourceTree = "<group>"; };
/* End PBXFileReference section */

/* Begin PBXFrameworksBuildPhase section */
		1031516325D02D6500194A6D /* Frameworks */ = {
			isa = PBXFrameworksBuildPhase;
			buildActionMask = 2147483647;
			files = (
			);
			runOnlyForDeploymentPostprocessing = 0;
		};
/* End PBXFrameworksBuildPhase section */

/* Begin PBXGroup section */
		1031515D25D02D6500194A6D = {
			isa = PBXGroup;
			children = (
				1031516825D02D6500194A6D /* MapkitApp */,
				1031516725D02D6500194A6D /* Products */,
			);
			sourceTree = "<group>";
		};
		1031516725D02D6500194A6D /* Products */ = {
			isa = PBXGroup;
			children = (
				1031516625D02D6500194A6D /* MapkitApp.app */,
			);
			name = Products;
			sourceTree = "<group>";
		};
		1031516825D02D6500194A6D /* MapkitApp */ = {
			isa = PBXGroup;
			children = (
				1031516925D02D6500194A6D /* AppDelegate.swift */,
				1031516B25D02D6500194A6D /* SceneDelegate.swift */,
				1031518925D0867800194A6D /* Model */,
				1031518425D082B300194A6D /* View */,
				1031518325D0829100194A6D /* Controller */,
				1031517525D02D6600194A6D /* Assets.xcassets */,
				1031517725D02D6600194A6D /* LaunchScreen.storyboard */,
				1031517A25D02D6600194A6D /* Info.plist */,
			);
			path = MapkitApp;
			sourceTree = "<group>";
		};
		1031518325D0829100194A6D /* Controller */ = {
			isa = PBXGroup;
			children = (
				1031518525D082F700194A6D /* MapVC.swift */,
				1031519425D099A800194A6D /* MainTableTVC.swift */,
			);
			path = Controller;
			sourceTree = "<group>";
		};
		1031518425D082B300194A6D /* View */ = {
			isa = PBXGroup;
			children = (
				1031516F25D02D6500194A6D /* Main.storyboard */,
			);
			path = View;
			sourceTree = "<group>";
		};
		1031518925D0867800194A6D /* Model */ = {
			isa = PBXGroup;
			children = (
				1031517225D02D6500194A6D /* MapkitApp.xcdatamodeld */,
				103151AD25D0B1FC00194A6D /* SaveLoadData.swift */,
			);
			path = Model;
			sourceTree = "<group>";
		};
/* End PBXGroup section */

/* Begin PBXNativeTarget section */
		1031516525D02D6500194A6D /* MapkitApp */ = {
			isa = PBXNativeTarget;
			buildConfigurationList = 1031517D25D02D6600194A6D /* Build configuration list for PBXNativeTarget "MapkitApp" */;
			buildPhases = (
				1031516225D02D6500194A6D /* Sources */,
				1031516325D02D6500194A6D /* Frameworks */,
				1031516425D02D6500194A6D /* Resources */,
			);
			buildRules = (
			);
			dependencies = (
			);
			name = MapkitApp;
			productName = MapkitApp;
			productReference = 1031516625D02D6500194A6D /* MapkitApp.app */;
			productType = "com.apple.product-type.application";
		};
/* End PBXNativeTarget section */

/* Begin PBXProject section */
		1031515E25D02D6500194A6D /* Project object */ = {
			isa = PBXProject;
			attributes = {
				LastSwiftUpdateCheck = 1230;
				LastUpgradeCheck = 1230;
				TargetAttributes = {
					1031516525D02D6500194A6D = {
						CreatedOnToolsVersion = 12.3;
					};
				};
			};
			buildConfigurationList = 1031516125D02D6500194A6D /* Build configuration list for PBXProject "MapkitApp" */;
			compatibilityVersion = "Xcode 9.3";
			developmentRegion = en;
			hasScannedForEncodings = 0;
			knownRegions = (
				en,
				Base,
			);
			mainGroup = 1031515D25D02D6500194A6D;
			productRefGroup = 1031516725D02D6500194A6D /* Products */;
			projectDirPath = "";
			projectRoot = "";
			targets = (
				1031516525D02D6500194A6D /* MapkitApp */,
			);
		};
/* End PBXProject section */

/* Begin PBXResourcesBuildPhase section */
		1031516425D02D6500194A6D /* Resources */ = {
			isa = PBXResourcesBuildPhase;
			buildActionMask = 2147483647;
			files = (
				1031517925D02D6600194A6D /* LaunchScreen.storyboard in Resources */,
				1031517625D02D6600194A6D /* Assets.xcassets in Resources */,
				1031517125D02D6500194A6D /* Main.storyboard in Resources */,
			);
			runOnlyForDeploymentPostprocessing = 0;
		};
/* End PBXResourcesBuildPhase section */

/* Begin PBXSourcesBuildPhase section */
		1031516225D02D6500194A6D /* Sources */ = {
			isa = PBXSourcesBuildPhase;
			buildActionMask = 2147483647;
			files = (
				1031518625D082F700194A6D /* MapVC.swift in Sources */,
				1031517425D02D6500194A6D /* MapkitApp.xcdatamodeld in Sources */,
				1031519525D099A800194A6D /* MainTableTVC.swift in Sources */,
				1031516A25D02D6500194A6D /* AppDelegate.swift in Sources */,
				103151AE25D0B1FC00194A6D /* SaveLoadData.swift in Sources */,
				1031516C25D02D6500194A6D /* SceneDelegate.swift in Sources */,
			);
			runOnlyForDeploymentPostprocessing = 0;
		};
/* End PBXSourcesBuildPhase section */

/* Begin PBXVariantGroup section */
		1031516F25D02D6500194A6D /* Main.storyboard */ = {
			isa = PBXVariantGroup;
			children = (
				1031517025D02D6500194A6D /* Base */,
			);
			name = Main.storyboard;
			sourceTree = "<group>";
		};
		1031517725D02D6600194A6D /* LaunchScreen.storyboard */ = {
			isa = PBXVariantGroup;
			children = (
				1031517825D02D6600194A6D /* Base */,
			);
			name = LaunchScreen.storyboard;
			sourceTree = "<group>";
		};
/* End PBXVariantGroup section */

/* Begin XCBuildConfiguration section */
		1031517B25D02D6600194A6D /* Debug */ = {
			isa = XCBuildConfiguration;
			buildSettings = {
				ALWAYS_SEARCH_USER_PATHS = NO;
				CLANG_ANALYZER_NONNULL = YES;
				CLANG_ANALYZER_NUMBER_OBJECT_CONVERSION = YES_AGGRESSIVE;
				CLANG_CXX_LANGUAGE_STANDARD = "gnu++14";
				CLANG_CXX_LIBRARY = "libc++";
				CLANG_ENABLE_MODULES = YES;
				CLANG_ENABLE_OBJC_ARC = YES;
				CLANG_ENABLE_OBJC_WEAK = YES;
				CLANG_WARN_BLOCK_CAPTURE_AUTORELEASING = YES;
				CLANG_WARN_BOOL_CONVERSION = YES;
				CLANG_WARN_COMMA = YES;
				CLANG_WARN_CONSTANT_CONVERSION = YES;
				CLANG_WARN_DEPRECATED_OBJC_IMPLEMENTATIONS = YES;
				CLANG_WARN_DIRECT_OBJC_ISA_USAGE = YES_ERROR;
				CLANG_WARN_DOCUMENTATION_COMMENTS = YES;
				CLANG_WARN_EMPTY_BODY = YES;
				CLANG_WARN_ENUM_CONVERSION = YES;
				CLANG_WARN_INFINITE_RECURSION = YES;
				CLANG_WARN_INT_CONVERSION = YES;
				CLANG_WARN_NON_LITERAL_NULL_CONVERSION = YES;
				CLANG_WARN_OBJC_IMPLICIT_RETAIN_SELF = YES;
				CLANG_WARN_OBJC_LITERAL_CONVERSION = YES;
				CLANG_WARN_OBJC_ROOT_CLASS = YES_ERROR;
				CLANG_WARN_QUOTED_INCLUDE_IN_FRAMEWORK_HEADER = YES;
				CLANG_WARN_RANGE_LOOP_ANALYSIS = YES;
				CLANG_WARN_STRICT_PROTOTYPES = YES;
				CLANG_WARN_SUSPICIOUS_MOVE = YES;
				CLANG_WARN_UNGUARDED_AVAILABILITY = YES_AGGRESSIVE;
				CLANG_WARN_UNREACHABLE_CODE = YES;
				CLANG_WARN__DUPLICATE_METHOD_MATCH = YES;
				COPY_PHASE_STRIP = NO;
				DEBUG_INFORMATION_FORMAT = dwarf;
				ENABLE_STRICT_OBJC_MSGSEND = YES;
				ENABLE_TESTABILITY = YES;
				GCC_C_LANGUAGE_STANDARD = gnu11;
				GCC_DYNAMIC_NO_PIC = NO;
				GCC_NO_COMMON_BLOCKS = YES;
				GCC_OPTIMIZATION_LEVEL = 0;
				GCC_PREPROCESSOR_DEFINITIONS = (
					"DEBUG=1",
					"$(inherited)",
				);
				GCC_WARN_64_TO_32_BIT_CONVERSION = YES;
				GCC_WARN_ABOUT_RETURN_TYPE = YES_ERROR;
				GCC_WARN_UNDECLARED_SELECTOR = YES;
				GCC_WARN_UNINITIALIZED_AUTOS = YES_AGGRESSIVE;
				GCC_WARN_UNUSED_FUNCTION = YES;
				GCC_WARN_UNUSED_VARIABLE = YES;
				IPHONEOS_DEPLOYMENT_TARGET = 14.3;
				MTL_ENABLE_DEBUG_INFO = INCLUDE_SOURCE;
				MTL_FAST_MATH = YES;
				ONLY_ACTIVE_ARCH = YES;
				SDKROOT = iphoneos;
				SWIFT_ACTIVE_COMPILATION_CONDITIONS = DEBUG;
				SWIFT_OPTIMIZATION_LEVEL = "-Onone";
			};
			name = Debug;
		};
		1031517C25D02D6600194A6D /* Release */ = {
			isa = XCBuildConfiguration;
			buildSettings = {
				ALWAYS_SEARCH_USER_PATHS = NO;
				CLANG_ANALYZER_NONNULL = YES;
				CLANG_ANALYZER_NUMBER_OBJECT_CONVERSION = YES_AGGRESSIVE;
				CLANG_CXX_LANGUAGE_STANDARD = "gnu++14";
				CLANG_CXX_LIBRARY = "libc++";
				CLANG_ENABLE_MODULES = YES;
				CLANG_ENABLE_OBJC_ARC = YES;
				CLANG_ENABLE_OBJC_WEAK = YES;
				CLANG_WARN_BLOCK_CAPTURE_AUTORELEASING = YES;
				CLANG_WARN_BOOL_CONVERSION = YES;
				CLANG_WARN_COMMA = YES;
				CLANG_WARN_CONSTANT_CONVERSION = YES;
				CLANG_WARN_DEPRECATED_OBJC_IMPLEMENTATIONS = YES;
				CLANG_WARN_DIRECT_OBJC_ISA_USAGE = YES_ERROR;
				CLANG_WARN_DOCUMENTATION_COMMENTS = YES;
				CLANG_WARN_EMPTY_BODY = YES;
				CLANG_WARN_ENUM_CONVERSION = YES;
				CLANG_WARN_INFINITE_RECURSION = YES;
				CLANG_WARN_INT_CONVERSION = YES;
				CLANG_WARN_NON_LITERAL_NULL_CONVERSION = YES;
				CLANG_WARN_OBJC_IMPLICIT_RETAIN_SELF = YES;
				CLANG_WARN_OBJC_LITERAL_CONVERSION = YES;
				CLANG_WARN_OBJC_ROOT_CLASS = YES_ERROR;
				CLANG_WARN_QUOTED_INCLUDE_IN_FRAMEWORK_HEADER = YES;
				CLANG_WARN_RANGE_LOOP_ANALYSIS = YES;
				CLANG_WARN_STRICT_PROTOTYPES = YES;
				CLANG_WARN_SUSPICIOUS_MOVE = YES;
				CLANG_WARN_UNGUARDED_AVAILABILITY = YES_AGGRESSIVE;
				CLANG_WARN_UNREACHABLE_CODE = YES;
				CLANG_WARN__DUPLICATE_METHOD_MATCH = YES;
				COPY_PHASE_STRIP = NO;
				DEBUG_INFORMATION_FORMAT = "dwarf-with-dsym";
				ENABLE_NS_ASSERTIONS = NO;
				ENABLE_STRICT_OBJC_MSGSEND = YES;
				GCC_C_LANGUAGE_STANDARD = gnu11;
				GCC_NO_COMMON_BLOCKS = YES;
				GCC_WARN_64_TO_32_BIT_CONVERSION = YES;
				GCC_WARN_ABOUT_RETURN_TYPE = YES_ERROR;
				GCC_WARN_UNDECLARED_SELECTOR = YES;
				GCC_WARN_UNINITIALIZED_AUTOS = YES_AGGRESSIVE;
				GCC_WARN_UNUSED_FUNCTION = YES;
				GCC_WARN_UNUSED_VARIABLE = YES;
				IPHONEOS_DEPLOYMENT_TARGET = 14.3;
				MTL_ENABLE_DEBUG_INFO = NO;
				MTL_FAST_MATH = YES;
				SDKROOT = iphoneos;
				SWIFT_COMPILATION_MODE = wholemodule;
				SWIFT_OPTIMIZATION_LEVEL = "-O";
				VALIDATE_PRODUCT = YES;
			};
			name = Release;
		};
		1031517E25D02D6600194A6D /* Debug */ = {
			isa = XCBuildConfiguration;
			buildSettings = {
				ASSETCATALOG_COMPILER_APPICON_NAME = AppIcon;
				ASSETCATALOG_COMPILER_GLOBAL_ACCENT_COLOR_NAME = AccentColor;
				CODE_SIGN_STYLE = Automatic;
				DEVELOPMENT_TEAM = 4GLADUN7NL;
				INFOPLIST_FILE = MapkitApp/Info.plist;
				LD_RUNPATH_SEARCH_PATHS = (
					"$(inherited)",
					"@executable_path/Frameworks",
				);
				PRODUCT_BUNDLE_IDENTIFIER = com.uvarma.MapkitApp;
				PRODUCT_NAME = "$(TARGET_NAME)";
				SWIFT_VERSION = 5.0;
				TARGETED_DEVICE_FAMILY = "1,2";
			};
			name = Debug;
		};
		1031517F25D02D6600194A6D /* Release */ = {
			isa = XCBuildConfiguration;
			buildSettings = {
				ASSETCATALOG_COMPILER_APPICON_NAME = AppIcon;
				ASSETCATALOG_COMPILER_GLOBAL_ACCENT_COLOR_NAME = AccentColor;
				CODE_SIGN_STYLE = Automatic;
				DEVELOPMENT_TEAM = 4GLADUN7NL;
				INFOPLIST_FILE = MapkitApp/Info.plist;
				LD_RUNPATH_SEARCH_PATHS = (
					"$(inherited)",
					"@executable_path/Frameworks",
				);
				PRODUCT_BUNDLE_IDENTIFIER = com.uvarma.MapkitApp;
				PRODUCT_NAME = "$(TARGET_NAME)";
				SWIFT_VERSION = 5.0;
				TARGETED_DEVICE_FAMILY = "1,2";
			};
			name = Release;
		};
/* End XCBuildConfiguration section */

/* Begin XCConfigurationList section */
		1031516125D02D6500194A6D /* Build configuration list for PBXProject "MapkitApp" */ = {
			isa = XCConfigurationList;
			buildConfigurations = (
				1031517B25D02D6600194A6D /* Debug */,
				1031517C25D02D6600194A6D /* Release */,
			);
			defaultConfigurationIsVisible = 0;
			defaultConfigurationName = Release;
		};
		1031517D25D02D6600194A6D /* Build configuration list for PBXNativeTarget "MapkitApp" */ = {
			isa = XCConfigurationList;
			buildConfigurations = (
				1031517E25D02D6600194A6D /* Debug */,
				1031517F25D02D6600194A6D /* Release */,
			);
			defaultConfigurationIsVisible = 0;
			defaultConfigurationName = Release;
		};
/* End XCConfigurationList section */

/* Begin XCVersionGroup section */
		1031517225D02D6500194A6D /* MapkitApp.xcdatamodeld */ = {
			isa = XCVersionGroup;
			children = (
				1031517325D02D6500194A6D /* MapkitApp.xcdatamodel */,
			);
			currentVersion = 1031517325D02D6500194A6D /* MapkitApp.xcdatamodel */;
			path = MapkitApp.xcdatamodeld;
			sourceTree = "<group>";
			versionGroupType = wrapper.xcdatamodel;
		};
/* End XCVersionGroup section */
	};
	rootObject = 1031515E25D02D6500194A6D /* Project object */;
}
